
Microsoft Visual Studio Solution File, Format Version 12.00
# Visual Studio Version 17
VisualStudioVersion = 17.14.36408.4
MinimumVisualStudioVersion = 10.0.40219.1

# ── Solution Folders ────────────────────────────────────────────────────────
Project("{2150E333-8FDC-42A3-9474-1A3956D46DE8}") = "src", "src", "{658A5BE6-C3EB-4B85-AC7C-003D9CADCBD3}"
EndProject
Project("{2150E333-8FDC-42A3-9474-1A3956D46DE8}") = "Application", "Application", "{4F135027-C618-4AFC-A0B3-C3F520477CB8}"
EndProject
Project("{2150E333-8FDC-42A3-9474-1A3956D46DE8}") = "Domain", "Domain", "{CE385896-E15B-490B-8250-0FC011A4011E}"
EndProject
Project("{2150E333-8FDC-42A3-9474-1A3956D46DE8}") = "Read", "Read", "{B6F47027-D684-4F8B-B905-18208887327C}"
EndProject
Project("{2150E333-8FDC-42A3-9474-1A3956D46DE8}") = "Infrastructure", "Infrastructure", "{6F123A16-3AB8-4170-BEA9-1423435E5E75}"
EndProject
Project("{2150E333-8FDC-42A3-9474-1A3956D46DE8}") = "Shared", "Shared", "{E6FD7EAF-FE27-4121-BCD0-ABD8EEDFD0F5}"
EndProject
Project("{2150E333-8FDC-42A3-9474-1A3956D46DE8}") = "Saga", "Saga", "{2F7EF4DD-A634-497D-863B-E611460E5FC8}"
EndProject
Project("{2150E333-8FDC-42A3-9474-1A3956D46DE8}") = "tests", "tests", "{43E1C632-FDA5-4AAE-8603-C5F9A412EBF1}"
EndProject

# ── Application Projects ─────────────────────────────────────────────────────
Project("{FAE04EC0-301F-11D3-BF4B-00C04F79EFBC}") = "CommandWorker", "src\Application\CommandWorker\CommandWorker.csproj", "{F2477174-47B1-439D-BBCD-49A2A59C8585}"
EndProject
Project("{FAE04EC0-301F-11D3-BF4B-00C04F79EFBC}") = "Commands", "src\Application\Commands\Commands.csproj", "{FDCF5EAC-A59F-48A6-BC9F-044CCA697E43}"
EndProject
Project("{FAE04EC0-301F-11D3-BF4B-00C04F79EFBC}") = "CommandHandlers", "src\Application\CommandHandlers\CommandHandlers.csproj", "{15DBD124-6B9A-406C-82A6-6A8244A73237}"
EndProject
Project("{FAE04EC0-301F-11D3-BF4B-00C04F79EFBC}") = "CommandServices", "src\Application\CommandServices\CommandServices.csproj", "{DAE199FE-32F2-460A-9022-9AF57268C6A3}"
EndProject
Project("{FAE04EC0-301F-11D3-BF4B-00C04F79EFBC}") = "DataMappers", "src\Application\DataMappers\DataMappers.csproj", "{F18F5D3B-C89B-4197-9EF1-C66AE9C11505}"
EndProject

# ── Domain Projects ──────────────────────────────────────────────────────────
Project("{FAE04EC0-301F-11D3-BF4B-00C04F79EFBC}") = "Aggregates", "src\Domain\Aggregates\Aggregates.csproj", "{7300917E-2E38-4DBD-83A7-38DBD53CAE4F}"
EndProject
Project("{FAE04EC0-301F-11D3-BF4B-00C04F79EFBC}") = "DomainServices", "src\Domain\DomainServices\DomainServices.csproj", "{8EFD0655-194E-4CAE-899F-22205205EBDC}"
EndProject
Project("{FAE04EC0-301F-11D3-BF4B-00C04F79EFBC}") = "Entities", "src\Domain\Entities\Entities.csproj", "{44FF28A8-FD13-43EF-BC84-E5B6886745EB}"
EndProject
Project("{FAE04EC0-301F-11D3-BF4B-00C04F79EFBC}") = "Events", "src\Domain\Events\Events.csproj", "{F41F58E0-A7A2-43B4-84C0-0E8ADA524C2C}"
EndProject
Project("{FAE04EC0-301F-11D3-BF4B-00C04F79EFBC}") = "Models", "src\Domain\Models\Models.csproj", "{EE41C2E2-2825-4AE5-B41F-EDF7A27CDDAA}"
EndProject
Project("{FAE04EC0-301F-11D3-BF4B-00C04F79EFBC}") = "ValueObjects", "src\Domain\ValueObjects\ValueObjects.csproj", "{993B293E-1FCB-4354-B919-BAF77810CC9F}"
EndProject

# ── Read Projects ─────────────────────────────────────────────────────────────
Project("{FAE04EC0-301F-11D3-BF4B-00C04F79EFBC}") = "BusinessApiService", "src\Read\BusinessApiService\BusinessApiService.csproj", "{5A086C78-3D63-4D05-9513-D376B58FAEFC}"
EndProject
Project("{FAE04EC0-301F-11D3-BF4B-00C04F79EFBC}") = "EventHandlers", "src\Read\EventHandlers\EventHandlers.csproj", "{83B35C55-F7FA-4486-96CD-22E4D192EE85}"
EndProject
Project("{FAE04EC0-301F-11D3-BF4B-00C04F79EFBC}") = "EventWorker", "src\Read\EventWorker\EventWorker.csproj", "{A6396462-6AA1-459C-945F-DACACA728DD2}"
EndProject
Project("{FAE04EC0-301F-11D3-BF4B-00C04F79EFBC}") = "QueryHandlers", "src\Read\QueryHandlers\QueryHandlers.csproj", "{05BE8A7A-4CD1-47A5-A4F6-2C6FC8B80D29}"
EndProject
Project("{FAE04EC0-301F-11D3-BF4B-00C04F79EFBC}") = "ViewModels", "src\Read\ViewModels\ViewModels.csproj", "{74E661D9-9D9F-49C7-B528-82F6029A717C}"
EndProject

# ── Infrastructure Projects ───────────────────────────────────────────────────
Project("{FAE04EC0-301F-11D3-BF4B-00C04F79EFBC}") = "Infrastructure", "src\Infrastructure\Infrastructure\Infrastructure.csproj", "{F5BA3F3E-14B4-4961-97F0-D474691E2FE0}"
EndProject

# ── Shared Projects ───────────────────────────────────────────────────────────
Project("{FAE04EC0-301F-11D3-BF4B-00C04F79EFBC}") = "Common", "src\Shared\Common\Common.csproj", "{A1B2C3D4-E5F6-7890-ABCD-EF1234567890}"
EndProject
Project("{FAE04EC0-301F-11D3-BF4B-00C04F79EFBC}") = "SharedDto", "src\Shared\SharedDto\SharedDto.csproj", "{B2C3D4E5-F6A7-8901-BCDE-F12345678901}"
EndProject

# ── Saga Projects ─────────────────────────────────────────────────────────────
Project("{FAE04EC0-301F-11D3-BF4B-00C04F79EFBC}") = "SagaService", "src\Saga\SagaService\SagaService.csproj", "{C3D4E5F6-A7B8-9012-CDEF-123456789012}"
EndProject
Project("{FAE04EC0-301F-11D3-BF4B-00C04F79EFBC}") = "SagaWorker", "src\Saga\SagaWorker\SagaWorker.csproj", "{D4E5F6A7-B8C9-0123-DEF0-234567890123}"
EndProject

# ── Test Projects ─────────────────────────────────────────────────────────────
Project("{FAE04EC0-301F-11D3-BF4B-00C04F79EFBC}") = "Aggregates.UnitTest", "tests\Aggregates.UnitTest\Aggregates.UnitTest.csproj", "{E5F6A7B8-C9D0-1234-EF01-345678901234}"
EndProject
Project("{FAE04EC0-301F-11D3-BF4B-00C04F79EFBC}") = "CommandHandlers.UnitTest", "tests\CommandHandlers.UnitTest\CommandHandlers.UnitTest.csproj", "{F6A7B8C9-D0E1-2345-F012-456789012345}"
EndProject
Project("{FAE04EC0-301F-11D3-BF4B-00C04F79EFBC}") = "EventHandlers.UnitTest", "tests\EventHandlers.UnitTest\EventHandlers.UnitTest.csproj", "{A7B8C9D0-E1F2-3456-0123-567890123456}"
EndProject
Project("{FAE04EC0-301F-11D3-BF4B-00C04F79EFBC}") = "OrderManagement.IntegrationTest", "tests\OrderManagement.IntegrationTest\OrderManagement.IntegrationTest.csproj", "{B8C9D0E1-F2A3-4567-1234-678901234567}"
EndProject

Global
	GlobalSection(SolutionConfigurationPlatforms) = preSolution
		Debug|Any CPU = Debug|Any CPU
		Release|Any CPU = Release|Any CPU
	EndGlobalSection
	GlobalSection(ProjectConfigurationPlatforms) = postSolution
		{F2477174-47B1-439D-BBCD-49A2A59C8585}.Debug|Any CPU.ActiveCfg = Debug|Any CPU
		{F2477174-47B1-439D-BBCD-49A2A59C8585}.Debug|Any CPU.Build.0 = Debug|Any CPU
		{F2477174-47B1-439D-BBCD-49A2A59C8585}.Release|Any CPU.ActiveCfg = Release|Any CPU
		{F2477174-47B1-439D-BBCD-49A2A59C8585}.Release|Any CPU.Build.0 = Release|Any CPU
		{FDCF5EAC-A59F-48A6-BC9F-044CCA697E43}.Debug|Any CPU.ActiveCfg = Debug|Any CPU
		{FDCF5EAC-A59F-48A6-BC9F-044CCA697E43}.Debug|Any CPU.Build.0 = Debug|Any CPU
		{FDCF5EAC-A59F-48A6-BC9F-044CCA697E43}.Release|Any CPU.ActiveCfg = Release|Any CPU
		{FDCF5EAC-A59F-48A6-BC9F-044CCA697E43}.Release|Any CPU.Build.0 = Release|Any CPU
		{15DBD124-6B9A-406C-82A6-6A8244A73237}.Debug|Any CPU.ActiveCfg = Debug|Any CPU
		{15DBD124-6B9A-406C-82A6-6A8244A73237}.Debug|Any CPU.Build.0 = Debug|Any CPU
		{15DBD124-6B9A-406C-82A6-6A8244A73237}.Release|Any CPU.ActiveCfg = Release|Any CPU
		{15DBD124-6B9A-406C-82A6-6A8244A73237}.Release|Any CPU.Build.0 = Release|Any CPU
		{DAE199FE-32F2-460A-9022-9AF57268C6A3}.Debug|Any CPU.ActiveCfg = Debug|Any CPU
		{DAE199FE-32F2-460A-9022-9AF57268C6A3}.Debug|Any CPU.Build.0 = Debug|Any CPU
		{DAE199FE-32F2-460A-9022-9AF57268C6A3}.Release|Any CPU.ActiveCfg = Release|Any CPU
		{DAE199FE-32F2-460A-9022-9AF57268C6A3}.Release|Any CPU.Build.0 = Release|Any CPU
		{F18F5D3B-C89B-4197-9EF1-C66AE9C11505}.Debug|Any CPU.ActiveCfg = Debug|Any CPU
		{F18F5D3B-C89B-4197-9EF1-C66AE9C11505}.Debug|Any CPU.Build.0 = Debug|Any CPU
		{F18F5D3B-C89B-4197-9EF1-C66AE9C11505}.Release|Any CPU.ActiveCfg = Release|Any CPU
		{F18F5D3B-C89B-4197-9EF1-C66AE9C11505}.Release|Any CPU.Build.0 = Release|Any CPU
		{7300917E-2E38-4DBD-83A7-38DBD53CAE4F}.Debug|Any CPU.ActiveCfg = Debug|Any CPU
		{7300917E-2E38-4DBD-83A7-38DBD53CAE4F}.Debug|Any CPU.Build.0 = Debug|Any CPU
		{7300917E-2E38-4DBD-83A7-38DBD53CAE4F}.Release|Any CPU.ActiveCfg = Release|Any CPU
		{7300917E-2E38-4DBD-83A7-38DBD53CAE4F}.Release|Any CPU.Build.0 = Release|Any CPU
		{8EFD0655-194E-4CAE-899F-22205205EBDC}.Debug|Any CPU.ActiveCfg = Debug|Any CPU
		{8EFD0655-194E-4CAE-899F-22205205EBDC}.Debug|Any CPU.Build.0 = Debug|Any CPU
		{8EFD0655-194E-4CAE-899F-22205205EBDC}.Release|Any CPU.ActiveCfg = Release|Any CPU
		{8EFD0655-194E-4CAE-899F-22205205EBDC}.Release|Any CPU.Build.0 = Release|Any CPU
		{44FF28A8-FD13-43EF-BC84-E5B6886745EB}.Debug|Any CPU.ActiveCfg = Debug|Any CPU
		{44FF28A8-FD13-43EF-BC84-E5B6886745EB}.Debug|Any CPU.Build.0 = Debug|Any CPU
		{44FF28A8-FD13-43EF-BC84-E5B6886745EB}.Release|Any CPU.ActiveCfg = Release|Any CPU
		{44FF28A8-FD13-43EF-BC84-E5B6886745EB}.Release|Any CPU.Build.0 = Release|Any CPU
		{F41F58E0-A7A2-43B4-84C0-0E8ADA524C2C}.Debug|Any CPU.ActiveCfg = Debug|Any CPU
		{F41F58E0-A7A2-43B4-84C0-0E8ADA524C2C}.Debug|Any CPU.Build.0 = Debug|Any CPU
		{F41F58E0-A7A2-43B4-84C0-0E8ADA524C2C}.Release|Any CPU.ActiveCfg = Release|Any CPU
		{F41F58E0-A7A2-43B4-84C0-0E8ADA524C2C}.Release|Any CPU.Build.0 = Release|Any CPU
		{EE41C2E2-2825-4AE5-B41F-EDF7A27CDDAA}.Debug|Any CPU.ActiveCfg = Debug|Any CPU
		{EE41C2E2-2825-4AE5-B41F-EDF7A27CDDAA}.Debug|Any CPU.Build.0 = Debug|Any CPU
		{EE41C2E2-2825-4AE5-B41F-EDF7A27CDDAA}.Release|Any CPU.ActiveCfg = Release|Any CPU
		{EE41C2E2-2825-4AE5-B41F-EDF7A27CDDAA}.Release|Any CPU.Build.0 = Release|Any CPU
		{993B293E-1FCB-4354-B919-BAF77810CC9F}.Debug|Any CPU.ActiveCfg = Debug|Any CPU
		{993B293E-1FCB-4354-B919-BAF77810CC9F}.Debug|Any CPU.Build.0 = Debug|Any CPU
		{993B293E-1FCB-4354-B919-BAF77810CC9F}.Release|Any CPU.ActiveCfg = Release|Any CPU
		{993B293E-1FCB-4354-B919-BAF77810CC9F}.Release|Any CPU.Build.0 = Release|Any CPU
		{5A086C78-3D63-4D05-9513-D376B58FAEFC}.Debug|Any CPU.ActiveCfg = Debug|Any CPU
		{5A086C78-3D63-4D05-9513-D376B58FAEFC}.Debug|Any CPU.Build.0 = Debug|Any CPU
		{5A086C78-3D63-4D05-9513-D376B58FAEFC}.Release|Any CPU.ActiveCfg = Release|Any CPU
		{5A086C78-3D63-4D05-9513-D376B58FAEFC}.Release|Any CPU.Build.0 = Release|Any CPU
		{83B35C55-F7FA-4486-96CD-22E4D192EE85}.Debug|Any CPU.ActiveCfg = Debug|Any CPU
		{83B35C55-F7FA-4486-96CD-22E4D192EE85}.Debug|Any CPU.Build.0 = Debug|Any CPU
		{83B35C55-F7FA-4486-96CD-22E4D192EE85}.Release|Any CPU.ActiveCfg = Release|Any CPU
		{83B35C55-F7FA-4486-96CD-22E4D192EE85}.Release|Any CPU.Build.0 = Release|Any CPU
		{A6396462-6AA1-459C-945F-DACACA728DD2}.Debug|Any CPU.ActiveCfg = Debug|Any CPU
		{A6396462-6AA1-459C-945F-DACACA728DD2}.Debug|Any CPU.Build.0 = Debug|Any CPU
		{A6396462-6AA1-459C-945F-DACACA728DD2}.Release|Any CPU.ActiveCfg = Release|Any CPU
		{A6396462-6AA1-459C-945F-DACACA728DD2}.Release|Any CPU.Build.0 = Release|Any CPU
		{05BE8A7A-4CD1-47A5-A4F6-2C6FC8B80D29}.Debug|Any CPU.ActiveCfg = Debug|Any CPU
		{05BE8A7A-4CD1-47A5-A4F6-2C6FC8B80D29}.Debug|Any CPU.Build.0 = Debug|Any CPU
		{05BE8A7A-4CD1-47A5-A4F6-2C6FC8B80D29}.Release|Any CPU.ActiveCfg = Release|Any CPU
		{05BE8A7A-4CD1-47A5-A4F6-2C6FC8B80D29}.Release|Any CPU.Build.0 = Release|Any CPU
		{74E661D9-9D9F-49C7-B528-82F6029A717C}.Debug|Any CPU.ActiveCfg = Debug|Any CPU
		{74E661D9-9D9F-49C7-B528-82F6029A717C}.Debug|Any CPU.Build.0 = Debug|Any CPU
		{74E661D9-9D9F-49C7-B528-82F6029A717C}.Release|Any CPU.ActiveCfg = Release|Any CPU
		{74E661D9-9D9F-49C7-B528-82F6029A717C}.Release|Any CPU.Build.0 = Release|Any CPU
		{F5BA3F3E-14B4-4961-97F0-D474691E2FE0}.Debug|Any CPU.ActiveCfg = Debug|Any CPU
		{F5BA3F3E-14B4-4961-97F0-D474691E2FE0}.Debug|Any CPU.Build.0 = Debug|Any CPU
		{F5BA3F3E-14B4-4961-97F0-D474691E2FE0}.Release|Any CPU.ActiveCfg = Release|Any CPU
		{F5BA3F3E-14B4-4961-97F0-D474691E2FE0}.Release|Any CPU.Build.0 = Release|Any CPU
		{A1B2C3D4-E5F6-7890-ABCD-EF1234567890}.Debug|Any CPU.ActiveCfg = Debug|Any CPU
		{A1B2C3D4-E5F6-7890-ABCD-EF1234567890}.Debug|Any CPU.Build.0 = Debug|Any CPU
		{A1B2C3D4-E5F6-7890-ABCD-EF1234567890}.Release|Any CPU.ActiveCfg = Release|Any CPU
		{A1B2C3D4-E5F6-7890-ABCD-EF1234567890}.Release|Any CPU.Build.0 = Release|Any CPU
		{B2C3D4E5-F6A7-8901-BCDE-F12345678901}.Debug|Any CPU.ActiveCfg = Debug|Any CPU
		{B2C3D4E5-F6A7-8901-BCDE-F12345678901}.Debug|Any CPU.Build.0 = Debug|Any CPU
		{B2C3D4E5-F6A7-8901-BCDE-F12345678901}.Release|Any CPU.ActiveCfg = Release|Any CPU
		{B2C3D4E5-F6A7-8901-BCDE-F12345678901}.Release|Any CPU.Build.0 = Release|Any CPU
		{C3D4E5F6-A7B8-9012-CDEF-123456789012}.Debug|Any CPU.ActiveCfg = Debug|Any CPU
		{C3D4E5F6-A7B8-9012-CDEF-123456789012}.Debug|Any CPU.Build.0 = Debug|Any CPU
		{C3D4E5F6-A7B8-9012-CDEF-123456789012}.Release|Any CPU.ActiveCfg = Release|Any CPU
		{C3D4E5F6-A7B8-9012-CDEF-123456789012}.Release|Any CPU.Build.0 = Release|Any CPU
		{D4E5F6A7-B8C9-0123-DEF0-234567890123}.Debug|Any CPU.ActiveCfg = Debug|Any CPU
		{D4E5F6A7-B8C9-0123-DEF0-234567890123}.Debug|Any CPU.Build.0 = Debug|Any CPU
		{D4E5F6A7-B8C9-0123-DEF0-234567890123}.Release|Any CPU.ActiveCfg = Release|Any CPU
		{D4E5F6A7-B8C9-0123-DEF0-234567890123}.Release|Any CPU.Build.0 = Release|Any CPU
		{E5F6A7B8-C9D0-1234-EF01-345678901234}.Debug|Any CPU.ActiveCfg = Debug|Any CPU
		{E5F6A7B8-C9D0-1234-EF01-345678901234}.Debug|Any CPU.Build.0 = Debug|Any CPU
		{E5F6A7B8-C9D0-1234-EF01-345678901234}.Release|Any CPU.ActiveCfg = Release|Any CPU
		{E5F6A7B8-C9D0-1234-EF01-345678901234}.Release|Any CPU.Build.0 = Release|Any CPU
		{F6A7B8C9-D0E1-2345-F012-456789012345}.Debug|Any CPU.ActiveCfg = Debug|Any CPU
		{F6A7B8C9-D0E1-2345-F012-456789012345}.Debug|Any CPU.Build.0 = Debug|Any CPU
		{F6A7B8C9-D0E1-2345-F012-456789012345}.Release|Any CPU.ActiveCfg = Release|Any CPU
		{F6A7B8C9-D0E1-2345-F012-456789012345}.Release|Any CPU.Build.0 = Release|Any CPU
		{A7B8C9D0-E1F2-3456-0123-567890123456}.Debug|Any CPU.ActiveCfg = Debug|Any CPU
		{A7B8C9D0-E1F2-3456-0123-567890123456}.Debug|Any CPU.Build.0 = Debug|Any CPU
		{A7B8C9D0-E1F2-3456-0123-567890123456}.Release|Any CPU.ActiveCfg = Release|Any CPU
		{A7B8C9D0-E1F2-3456-0123-567890123456}.Release|Any CPU.Build.0 = Release|Any CPU
		{B8C9D0E1-F2A3-4567-1234-678901234567}.Debug|Any CPU.ActiveCfg = Debug|Any CPU
		{B8C9D0E1-F2A3-4567-1234-678901234567}.Debug|Any CPU.Build.0 = Debug|Any CPU
		{B8C9D0E1-F2A3-4567-1234-678901234567}.Release|Any CPU.ActiveCfg = Release|Any CPU
		{B8C9D0E1-F2A3-4567-1234-678901234567}.Release|Any CPU.Build.0 = Release|Any CPU
	EndGlobalSection
	GlobalSection(NestedProjects) = preSolution
		# Application nested under src
		{4F135027-C618-4AFC-A0B3-C3F520477CB8} = {658A5BE6-C3EB-4B85-AC7C-003D9CADCBD3}
		{F2477174-47B1-439D-BBCD-49A2A59C8585} = {4F135027-C618-4AFC-A0B3-C3F520477CB8}
		{FDCF5EAC-A59F-48A6-BC9F-044CCA697E43} = {4F135027-C618-4AFC-A0B3-C3F520477CB8}
		{15DBD124-6B9A-406C-82A6-6A8244A73237} = {4F135027-C618-4AFC-A0B3-C3F520477CB8}
		{DAE199FE-32F2-460A-9022-9AF57268C6A3} = {4F135027-C618-4AFC-A0B3-C3F520477CB8}
		{F18F5D3B-C89B-4197-9EF1-C66AE9C11505} = {4F135027-C618-4AFC-A0B3-C3F520477CB8}
		# Domain nested under src
		{CE385896-E15B-490B-8250-0FC011A4011E} = {658A5BE6-C3EB-4B85-AC7C-003D9CADCBD3}
		{7300917E-2E38-4DBD-83A7-38DBD53CAE4F} = {CE385896-E15B-490B-8250-0FC011A4011E}
		{8EFD0655-194E-4CAE-899F-22205205EBDC} = {CE385896-E15B-490B-8250-0FC011A4011E}
		{44FF28A8-FD13-43EF-BC84-E5B6886745EB} = {CE385896-E15B-490B-8250-0FC011A4011E}
		{F41F58E0-A7A2-43B4-84C0-0E8ADA524C2C} = {CE385896-E15B-490B-8250-0FC011A4011E}
		{EE41C2E2-2825-4AE5-B41F-EDF7A27CDDAA} = {CE385896-E15B-490B-8250-0FC011A4011E}
		{993B293E-1FCB-4354-B919-BAF77810CC9F} = {CE385896-E15B-490B-8250-0FC011A4011E}
		# Read nested under src
		{B6F47027-D684-4F8B-B905-18208887327C} = {658A5BE6-C3EB-4B85-AC7C-003D9CADCBD3}
		{5A086C78-3D63-4D05-9513-D376B58FAEFC} = {B6F47027-D684-4F8B-B905-18208887327C}
		{83B35C55-F7FA-4486-96CD-22E4D192EE85} = {B6F47027-D684-4F8B-B905-18208887327C}
		{A6396462-6AA1-459C-945F-DACACA728DD2} = {B6F47027-D684-4F8B-B905-18208887327C}
		{05BE8A7A-4CD1-47A5-A4F6-2C6FC8B80D29} = {B6F47027-D684-4F8B-B905-18208887327C}
		{74E661D9-9D9F-49C7-B528-82F6029A717C} = {B6F47027-D684-4F8B-B905-18208887327C}
		# Infrastructure nested under src
		{6F123A16-3AB8-4170-BEA9-1423435E5E75} = {658A5BE6-C3EB-4B85-AC7C-003D9CADCBD3}
		{F5BA3F3E-14B4-4961-97F0-D474691E2FE0} = {6F123A16-3AB8-4170-BEA9-1423435E5E75}
		# Shared nested under src
		{E6FD7EAF-FE27-4121-BCD0-ABD8EEDFD0F5} = {658A5BE6-C3EB-4B85-AC7C-003D9CADCBD3}
		{A1B2C3D4-E5F6-7890-ABCD-EF1234567890} = {E6FD7EAF-FE27-4121-BCD0-ABD8EEDFD0F5}
		{B2C3D4E5-F6A7-8901-BCDE-F12345678901} = {E6FD7EAF-FE27-4121-BCD0-ABD8EEDFD0F5}
		# Saga nested under src
		{2F7EF4DD-A634-497D-863B-E611460E5FC8} = {658A5BE6-C3EB-4B85-AC7C-003D9CADCBD3}
		{C3D4E5F6-A7B8-9012-CDEF-123456789012} = {2F7EF4DD-A634-497D-863B-E611460E5FC8}
		{D4E5F6A7-B8C9-0123-DEF0-234567890123} = {2F7EF4DD-A634-497D-863B-E611460E5FC8}
		# Tests
		{E5F6A7B8-C9D0-1234-EF01-345678901234} = {43E1C632-FDA5-4AAE-8603-C5F9A412EBF1}
		{F6A7B8C9-D0E1-2345-F012-456789012345} = {43E1C632-FDA5-4AAE-8603-C5F9A412EBF1}
		{A7B8C9D0-E1F2-3456-0123-567890123456} = {43E1C632-FDA5-4AAE-8603-C5F9A412EBF1}
		{B8C9D0E1-F2A3-4567-1234-678901234567} = {43E1C632-FDA5-4AAE-8603-C5F9A412EBF1}
	EndGlobalSection
EndGlobal
